// !$*UTF8*$!
{
	archiveVersion = 1;
	classes = {
	};
	objectVersion = 77;
	objects = {

/* Begin PBXContainerItemProxy section */
		1A169BB52E160226008BBB83 /* PBXContainerItemProxy */ = {
			isa = PBXContainerItemProxy;
			containerPortal = 1A169B962E160224008BBB83 /* Project object */;
			proxyType = 1;
			remoteGlobalIDString = 1A169B9D2E160224008BBB83;
			remoteInfo = mEtopia;
		};
		1A169BBF2E160226008BBB83 /* PBXContainerItemProxy */ = {
			isa = PBXContainerItemProxy;
			containerPortal = 1A169B962E160224008BBB83 /* Project object */;
			proxyType = 1;
			remoteGlobalIDString = 1A169B9D2E160224008BBB83;
			remoteInfo = mEtopia;
		};
/* End PBXContainerItemProxy section */

/* Begin PBXFileReference section */
		1A169B9E2E160224008BBB83 /* mEtopia.app */ = {isa = PBXFileReference; explicitFileType = wrapper.application; includeInIndex = 0; path = mEtopia.app; sourceTree = BUILT_PRODUCTS_DIR; };
		1A169BB42E160226008BBB83 /* mEtopiaTests.xctest */ = {isa = PBXFileReference; explicitFileType = wrapper.cfbundle; includeInIndex = 0; path = mEtopiaTests.xctest; sourceTree = BUILT_PRODUCTS_DIR; };
		1A169BBE2E160226008BBB83 /* mEtopiaUITests.xctest */ = {isa = PBXFileReference; explicitFileType = wrapper.cfbundle; includeInIndex = 0; path = mEtopiaUITests.xctest; sourceTree = BUILT_PRODUCTS_DIR; };
/* End PBXFileReference section */

/* Begin PBXFileSystemSynchronizedBuildFileExceptionSet section */
		1A169BC62E160226008BBB83 /* Exceptions for "mEtopia" folder in "mEtopia" target */ = {
			isa = PBXFileSystemSynchronizedBuildFileExceptionSet;
			membershipExceptions = (
				Info.plist,
			);
			target = 1A169B9D2E160224008BBB83 /* mEtopia */;
		};
/* End PBXFileSystemSynchronizedBuildFileExceptionSet section */

/* Begin PBXFileSystemSynchronizedRootGroup section */
		1A169BA02E160224008BBB83 /* mEtopia */ = {
			isa = PBXFileSystemSynchronizedRootGroup;
			exceptions = (
				1A169BC62E160226008BBB83 /* Exceptions for "mEtopia" folder in "mEtopia" target */,
			);
			path = mEtopia;
			sourceTree = "<group>";
		};
		1A169BB72E160226008BBB83 /* mEtopiaTests */ = {
			isa = PBXFileSystemSynchronizedRootGroup;
			path = mEtopiaTests;
			sourceTree = "<group>";
		};
		1A169BC12E160226008BBB83 /* mEtopiaUITests */ = {
			isa = PBXFileSystemSynchronizedRootGroup;
			path = mEtopiaUITests;
			sourceTree = "<group>";
		};
/* End PBXFileSystemSynchronizedRootGroup section */

/* Begin PBXFrameworksBuildPhase section */
		1A169B9B2E160224008BBB83 /* Frameworks */ = {
			isa = PBXFrameworksBuildPhase;
			buildActionMask = 2147483647;
			files = (
			);
			runOnlyForDeploymentPostprocessing = 0;
		};
		1A169BB12E160226008BBB83 /* Frameworks */ = {
			isa = PBXFrameworksBuildPhase;
			buildActionMask = 2147483647;
			files = (
			);
			runOnlyForDeploymentPostprocessing = 0;
		};
		1A169BBB2E160226008BBB83 /* Frameworks */ = {
			isa = PBXFrameworksBuildPhase;
			buildActionMask = 2147483647;
			files = (
			);
			runOnlyForDeploymentPostprocessing = 0;
		};
/* End PBXFrameworksBuildPhase section */

/* Begin PBXGroup section */
		1A169B952E160224008BBB83 = {
			isa = PBXGroup;
			children = (
				1A169BA02E160224008BBB83 /* mEtopia */,
				1A169BB72E160226008BBB83 /* mEtopiaTests */,
				1A169BC12E160226008BBB83 /* mEtopiaUITests */,
				1A169B9F2E160224008BBB83 /* Products */,
			);
			sourceTree = "<group>";
		};
		1A169B9F2E160224008BBB83 /* Products */ = {
			isa = PBXGroup;
			children = (
				1A169B9E2E160224008BBB83 /* mEtopia.app */,
				1A169BB42E160226008BBB83 /* mEtopiaTests.xctest */,
				1A169BBE2E160226008BBB83 /* mEtopiaUITests.xctest */,
			);
			name = Products;
			sourceTree = "<group>";
		};
/* End PBXGroup section */

/* Begin PBXNativeTarget section */
		1A169B9D2E160224008BBB83 /* mEtopia */ = {
			isa = PBXNativeTarget;
			buildConfigurationList = 1A169BC72E160226008BBB83 /* Build configuration list for PBXNativeTarget "mEtopia" */;
			buildPhases = (
				1A169B9A2E160224008BBB83 /* Sources */,
				1A169B9B2E160224008BBB83 /* Frameworks */,
				1A169B9C2E160224008BBB83 /* Resources */,
			);
			buildRules = (
			);
			dependencies = (
			);
			fileSystemSynchronizedGroups = (
				1A169BA02E160224008BBB83 /* mEtopia */,
			);
			name = mEtopia;
			packageProductDependencies = (
			);
			productName = mEtopia;
			productReference = 1A169B9E2E160224008BBB83 /* mEtopia.app */;
			productType = "com.apple.product-type.application";
		};
		1A169BB32E160226008BBB83 /* mEtopiaTests */ = {
			isa = PBXNativeTarget;
			buildConfigurationList = 1A169BCC2E160226008BBB83 /* Build configuration list for PBXNativeTarget "mEtopiaTests" */;
			buildPhases = (
				1A169BB02E160226008BBB83 /* Sources */,
				1A169BB12E160226008BBB83 /* Frameworks */,
				1A169BB22E160226008BBB83 /* Resources */,
			);
			buildRules = (
			);
			dependencies = (
				1A169BB62E160226008BBB83 /* PBXTargetDependency */,
			);
			fileSystemSynchronizedGroups = (
				1A169BB72E160226008BBB83 /* mEtopiaTests */,
			);
			name = mEtopiaTests;
			packageProductDependencies = (
			);
			productName = mEtopiaTests;
			productReference = 1A169BB42E160226008BBB83 /* mEtopiaTests.xctest */;
			productType = "com.apple.product-type.bundle.unit-test";
		};
		1A169BBD2E160226008BBB83 /* mEtopiaUITests */ = {
			isa = PBXNativeTarget;
			buildConfigurationList = 1A169BCF2E160226008BBB83 /* Build configuration list for PBXNativeTarget "mEtopiaUITests" */;
			buildPhases = (
				1A169BBA2E160226008BBB83 /* Sources */,
				1A169BBB2E160226008BBB83 /* Frameworks */,
				1A169BBC2E160226008BBB83 /* Resources */,
			);
			buildRules = (
			);
			dependencies = (
				1A169BC02E160226008BBB83 /* PBXTargetDependency */,
			);
			fileSystemSynchronizedGroups = (
				1A169BC12E160226008BBB83 /* mEtopiaUITests */,
			);
			name = mEtopiaUITests;
			packageProductDependencies = (
			);
			productName = mEtopiaUITests;
			productReference = 1A169BBE2E160226008BBB83 /* mEtopiaUITests.xctest */;
			productType = "com.apple.product-type.bundle.ui-testing";
		};
/* End PBXNativeTarget section */

/* Begin PBXProject section */
		1A169B962E160224008BBB83 /* Project object */ = {
			isa = PBXProject;
			attributes = {
				BuildIndependentTargetsInParallel = 1;
				LastSwiftUpdateCheck = 1640;
				LastUpgradeCheck = 1640;
				TargetAttributes = {
					1A169B9D2E160224008BBB83 = {
						CreatedOnToolsVersion = 16.4;
					};
					1A169BB32E160226008BBB83 = {
						CreatedOnToolsVersion = 16.4;
						TestTargetID = 1A169B9D2E160224008BBB83;
					};
					1A169BBD2E160226008BBB83 = {
						CreatedOnToolsVersion = 16.4;
						TestTargetID = 1A169B9D2E160224008BBB83;
					};
				};
			};
			buildConfigurationList = 1A169B992E160224008BBB83 /* Build configuration list for PBXProject "mEtopia" */;
			developmentRegion = en;
			hasScannedForEncodings = 0;
			knownRegions = (
				en,
				Base,
			);
			mainGroup = 1A169B952E160224008BBB83;
			minimizedProjectReferenceProxies = 1;
			preferredProjectObjectVersion = 77;
			productRefGroup = 1A169B9F2E160224008BBB83 /* Products */;
			projectDirPath = "";
			projectRoot = "";
			targets = (
				1A169B9D2E160224008BBB83 /* mEtopia */,
				1A169BB32E160226008BBB83 /* mEtopiaTests */,
				1A169BBD2E160226008BBB83 /* mEtopiaUITests */,
			);
		};
/* End PBXProject section */

/* Begin PBXResourcesBuildPhase section */
		1A169B9C2E160224008BBB83 /* Resources */ = {
			isa = PBXResourcesBuildPhase;
			buildActionMask = 2147483647;
			files = (
			);
			runOnlyForDeploymentPostprocessing = 0;
		};
		1A169BB22E160226008BBB83 /* Resources */ = {
			isa = PBXResourcesBuildPhase;
			buildActionMask = 2147483647;
			files = (
			);
			runOnlyForDeploymentPostprocessing = 0;
		};
		1A169BBC2E160226008BBB83 /* Resources */ = {
			isa = PBXResourcesBuildPhase;
			buildActionMask = 2147483647;
			files = (
			);
			runOnlyForDeploymentPostprocessing = 0;
		};
/* End PBXResourcesBuildPhase section */

/* Begin PBXSourcesBuildPhase section */
		1A169B9A2E160224008BBB83 /* Sources */ = {
			isa = PBXSourcesBuildPhase;
			buildActionMask = 2147483647;
			files = (
			);
			runOnlyForDeploymentPostprocessing = 0;
		};
		1A169BB02E160226008BBB83 /* Sources */ = {
			isa = PBXSourcesBuildPhase;
			buildActionMask = 2147483647;
			files = (
			);
			runOnlyForDeploymentPostprocessing = 0;
		};
		1A169BBA2E160226008BBB83 /* Sources */ = {
			isa = PBXSourcesBuildPhase;
			buildActionMask = 2147483647;
			files = (
			);
			runOnlyForDeploymentPostprocessing = 0;
		};
/* End PBXSourcesBuildPhase section */

/* Begin PBXTargetDependency section */
		1A169BB62E160226008BBB83 /* PBXTargetDependency */ = {
			isa = PBXTargetDependency;
			target = 1A169B9D2E160224008BBB83 /* mEtopia */;
			targetProxy = 1A169BB52E160226008BBB83 /* PBXContainerItemProxy */;
		};
		1A169BC02E160226008BBB83 /* PBXTargetDependency */ = {
			isa = PBXTargetDependency;
			target = 1A169B9D2E160224008BBB83 /* mEtopia */;
			targetProxy = 1A169BBF2E160226008BBB83 /* PBXContainerItemProxy */;
		};
/* End PBXTargetDependency section */

/* Begin XCBuildConfiguration section */
		1A169BC82E160226008BBB83 /* Debug */ = {
			isa = XCBuildConfiguration;
			buildSettings = {
				ASSETCATALOG_COMPILER_APPICON_NAME = AppIcon;
				ASSETCATALOG_COMPILER_GLOBAL_ACCENT_COLOR_NAME = AccentColor;
				CODE_SIGN_STYLE = Automatic;
				CURRENT_PROJECT_VERSION = 1;
				DEVELOPMENT_TEAM = US59R5UZEQ;
				ENABLE_WEBKIT_DEVELOPER_EXTRAS = YES;
				GENERATE_INFOPLIST_FILE = YES;
				INFOPLIST_FILE = mEtopia/Info.plist;
				INFOPLIST_KEY_UIApplicationSupportsIndirectInputEvents = YES;
				INFOPLIST_KEY_UILaunchStoryboardName = LaunchScreen;
				INFOPLIST_KEY_UIMainStoryboardFile = Main;
				INFOPLIST_KEY_UISupportedInterfaceOrientations_iPad = "UIInterfaceOrientationPortrait UIInterfaceOrientationPortraitUpsideDown UIInterfaceOrientationLandscapeLeft UIInterfaceOrientationLandscapeRight";
				INFOPLIST_KEY_UISupportedInterfaceOrientations_iPhone = "UIInterfaceOrientationPortrait UIInterfaceOrientationLandscapeLeft UIInterfaceOrientationLandscapeRight";
				LD_RUNPATH_SEARCH_PATHS = (
					"$(inherited)",
					"@executable_path/Frameworks",
				);
				MARKETING_VERSION = 1.0;
				PRODUCT_BUNDLE_IDENTIFIER = dblife.mEtopia;
				PRODUCT_NAME = "$(TARGET_NAME)";
				SWIFT_EMIT_LOC_STRINGS = YES;
				SWIFT_VERSION = 5.0;
				TARGETED_DEVICE_FAMILY = "1,2";
			};
			name = Debug;
		};
		1A169BC92E160226008BBB83 /* Release */ = {
			isa = XCBuildConfiguration;
			buildSettings = {
				ASSETCATALOG_COMPILER_APPICON_NAME = AppIcon;
				ASSETCATALOG_COMPILER_GLOBAL_ACCENT_COLOR_NAME = AccentColor;
				CODE_SIGN_STYLE = Automatic;
				CURRENT_PROJECT_VERSION = 1;
				DEVELOPMENT_TEAM = US59R5UZEQ;
				ENABLE_WEBKIT_DEVELOPER_EXTRAS = YES;
				GENERATE_INFOPLIST_FILE = YES;
				INFOPLIST_FILE = mEtopia/Info.plist;
				INFOPLIST_KEY_UIApplicationSupportsIndirectInputEvents = YES;
				INFOPLIST_KEY_UILaunchStoryboardName = LaunchScreen;
				INFOPLIST_KEY_UIMainStoryboardFile = Main;
				INFOPLIST_KEY_UISupportedInterfaceOrientations_iPad = "UIInterfaceOrientationPortrait UIInterfaceOrientationPortraitUpsideDown UIInterfaceOrientationLandscapeLeft UIInterfaceOrientationLandscapeRight";
				INFOPLIST_KEY_UISupportedInterfaceOrientations_iPhone = "UIInterfaceOrientationPortrait UIInterfaceOrientationLandscapeLeft UIInterfaceOrientationLandscapeRight";
				LD_RUNPATH_SEARCH_PATHS = (
					"$(inherited)",
					"@executable_path/Frameworks",
				);
				MARKETING_VERSION = 1.0;
				PRODUCT_BUNDLE_IDENTIFIER = dblife.mEtopia;
				PRODUCT_NAME = "$(TARGET_NAME)";
				SWIFT_EMIT_LOC_STRINGS = YES;
				SWIFT_VERSION = 5.0;
				TARGETED_DEVICE_FAMILY = "1,2";
			};
			name = Release;
		};
		1A169BCA2E160226008BBB83 /* Debug */ = {
			isa = XCBuildConfiguration;
			buildSettings = {
				ALWAYS_SEARCH_USER_PATHS = NO;
				ASSETCATALOG_COMPILER_GENERATE_SWIFT_ASSET_SYMBOL_EXTENSIONS = YES;
				CLANG_ANALYZER_NONNULL = YES;
				CLANG_ANALYZER_NUMBER_OBJECT_CONVERSION = YES_AGGRESSIVE;
				CLANG_CXX_LANGUAGE_STANDARD = "gnu++20";
				CLANG_ENABLE_MODULES = YES;
				CLANG_ENABLE_OBJC_ARC = YES;
				CLANG_ENABLE_OBJC_WEAK = YES;
				CLANG_WARN_BLOCK_CAPTURE_AUTORELEASING = YES;
				CLANG_WARN_BOOL_CONVERSION = YES;
				CLANG_WARN_COMMA = YES;
				CLANG_WARN_CONSTANT_CONVERSION = YES;
				CLANG_WARN_DEPRECATED_OBJC_IMPLEMENTATIONS = YES;
				CLANG_WARN_DIRECT_OBJC_ISA_USAGE = YES_ERROR;
				CLANG_WARN_DOCUMENTATION_COMMENTS = YES;
				CLANG_WARN_EMPTY_BODY = YES;
				CLANG_WARN_ENUM_CONVERSION = YES;
				CLANG_WARN_INFINITE_RECURSION = YES;
				CLANG_WARN_INT_CONVERSION = YES;
				CLANG_WARN_NON_LITERAL_NULL_CONVERSION = YES;
				CLANG_WARN_OBJC_IMPLICIT_RETAIN_SELF = YES;
				CLANG_WARN_OBJC_LITERAL_CONVERSION = YES;
				CLANG_WARN_OBJC_ROOT_CLASS = YES_ERROR;
				CLANG_WARN_QUOTED_INCLUDE_IN_FRAMEWORK_HEADER = YES;
				CLANG_WARN_RANGE_LOOP_ANALYSIS = YES;
				CLANG_WARN_STRICT_PROTOTYPES = YES;
				CLANG_WARN_SUSPICIOUS_MOVE = YES;
				CLANG_WARN_UNGUARDED_AVAILABILITY = YES_AGGRESSIVE;
				CLANG_WARN_UNREACHABLE_CODE = YES;
				CLANG_WARN__DUPLICATE_METHOD_MATCH = YES;
				COPY_PHASE_STRIP = NO;
				DEBUG_INFORMATION_FORMAT = dwarf;
				ENABLE_STRICT_OBJC_MSGSEND = YES;
				ENABLE_TESTABILITY = YES;
				ENABLE_USER_SCRIPT_SANDBOXING = YES;
				ENABLE_WEBKIT_DEVELOPER_EXTRAS = YES;
				GCC_C_LANGUAGE_STANDARD = gnu17;
				GCC_DYNAMIC_NO_PIC = NO;
				GCC_NO_COMMON_BLOCKS = YES;
				GCC_OPTIMIZATION_LEVEL = 0;
				GCC_PREPROCESSOR_DEFINITIONS = (
					"DEBUG=1",
					"$(inherited)",
				);
				GCC_WARN_64_TO_32_BIT_CONVERSION = YES;
				GCC_WARN_ABOUT_RETURN_TYPE = YES_ERROR;
				GCC_WARN_UNDECLARED_SELECTOR = YES;
				GCC_WARN_UNINITIALIZED_AUTOS = YES_AGGRESSIVE;
				GCC_WARN_UNUSED_FUNCTION = YES;
				GCC_WARN_UNUSED_VARIABLE = YES;
				IPHONEOS_DEPLOYMENT_TARGET = 18.5;
				LOCALIZATION_PREFERS_STRING_CATALOGS = YES;
				MTL_ENABLE_DEBUG_INFO = INCLUDE_SOURCE;
				MTL_FAST_MATH = YES;
				ONLY_ACTIVE_ARCH = YES;
				SDKROOT = iphoneos;
				SWIFT_ACTIVE_COMPILATION_CONDITIONS = "DEBUG $(inherited)";
				SWIFT_OPTIMIZATION_LEVEL = "-Onone";
			};
			name = Debug;
		};
		1A169BCB2E160226008BBB83 /* Release */ = {
			isa = XCBuildConfiguration;
			buildSettings = {
				ALWAYS_SEARCH_USER_PATHS = NO;
				ASSETCATALOG_COMPILER_GENERATE_SWIFT_ASSET_SYMBOL_EXTENSIONS = YES;
				CLANG_ANALYZER_NONNULL = YES;
				CLANG_ANALYZER_NUMBER_OBJECT_CONVERSION = YES_AGGRESSIVE;
				CLANG_CXX_LANGUAGE_STANDARD = "gnu++20";
				CLANG_ENABLE_MODULES = YES;
				CLANG_ENABLE_OBJC_ARC = YES;
				CLANG_ENABLE_OBJC_WEAK = YES;
				CLANG_WARN_BLOCK_CAPTURE_AUTORELEASING = YES;
				CLANG_WARN_BOOL_CONVERSION = YES;
				CLANG_WARN_COMMA = YES;
				CLANG_WARN_CONSTANT_CONVERSION = YES;
				CLANG_WARN_DEPRECATED_OBJC_IMPLEMENTATIONS = YES;
				CLANG_WARN_DIRECT_OBJC_ISA_USAGE = YES_ERROR;
				CLANG_WARN_DOCUMENTATION_COMMENTS = YES;
				CLANG_WARN_EMPTY_BODY = YES;
				CLANG_WARN_ENUM_CONVERSION = YES;
				CLANG_WARN_INFINITE_RECURSION = YES;
				CLANG_WARN_INT_CONVERSION = YES;
				CLANG_WARN_NON_LITERAL_NULL_CONVERSION = YES;
				CLANG_WARN_OBJC_IMPLICIT_RETAIN_SELF = YES;
				CLANG_WARN_OBJC_LITERAL_CONVERSION = YES;
				CLANG_WARN_OBJC_ROOT_CLASS = YES_ERROR;
				CLANG_WARN_QUOTED_INCLUDE_IN_FRAMEWORK_HEADER = YES;
				CLANG_WARN_RANGE_LOOP_ANALYSIS = YES;
				CLANG_WARN_STRICT_PROTOTYPES = YES;
				CLANG_WARN_SUSPICIOUS_MOVE = YES;
				CLANG_WARN_UNGUARDED_AVAILABILITY = YES_AGGRESSIVE;
				CLANG_WARN_UNREACHABLE_CODE = YES;
				CLANG_WARN__DUPLICATE_METHOD_MATCH = YES;
				COPY_PHASE_STRIP = NO;
				DEBUG_INFORMATION_FORMAT = "dwarf-with-dsym";
				ENABLE_NS_ASSERTIONS = NO;
				ENABLE_STRICT_OBJC_MSGSEND = YES;
				ENABLE_USER_SCRIPT_SANDBOXING = YES;
				ENABLE_WEBKIT_DEVELOPER_EXTRAS = YES;
				GCC_C_LANGUAGE_STANDARD = gnu17;
				GCC_NO_COMMON_BLOCKS = YES;
				GCC_WARN_64_TO_32_BIT_CONVERSION = YES;
				GCC_WARN_ABOUT_RETURN_TYPE = YES_ERROR;
				GCC_WARN_UNDECLARED_SELECTOR = YES;
				GCC_WARN_UNINITIALIZED_AUTOS = YES_AGGRESSIVE;
				GCC_WARN_UNUSED_FUNCTION = YES;
				GCC_WARN_UNUSED_VARIABLE = YES;
				IPHONEOS_DEPLOYMENT_TARGET = 18.5;
				LOCALIZATION_PREFERS_STRING_CATALOGS = YES;
				MTL_ENABLE_DEBUG_INFO = NO;
				MTL_FAST_MATH = YES;
				SDKROOT = iphoneos;
				SWIFT_COMPILATION_MODE = wholemodule;
				VALIDATE_PRODUCT = YES;
			};
			name = Release;
		};
		1A169BCD2E160226008BBB83 /* Debug */ = {
			isa = XCBuildConfiguration;
			buildSettings = {
				BUNDLE_LOADER = "$(TEST_HOST)";
				CODE_SIGN_STYLE = Automatic;
				CURRENT_PROJECT_VERSION = 1;
				GENERATE_INFOPLIST_FILE = YES;
				IPHONEOS_DEPLOYMENT_TARGET = 18.5;
				MARKETING_VERSION = 1.0;
				PRODUCT_BUNDLE_IDENTIFIER = dblife.mEtopiaTests;
				PRODUCT_NAME = "$(TARGET_NAME)";
				SWIFT_EMIT_LOC_STRINGS = NO;
				SWIFT_VERSION = 5.0;
				TARGETED_DEVICE_FAMILY = "1,2";
				TEST_HOST = "$(BUILT_PRODUCTS_DIR)/mEtopia.app/$(BUNDLE_EXECUTABLE_FOLDER_PATH)/mEtopia";
			};
			name = Debug;
		};
		1A169BCE2E160226008BBB83 /* Release */ = {
			isa = XCBuildConfiguration;
			buildSettings = {
				BUNDLE_LOADER = "$(TEST_HOST)";
				CODE_SIGN_STYLE = Automatic;
				CURRENT_PROJECT_VERSION = 1;
				GENERATE_INFOPLIST_FILE = YES;
				IPHONEOS_DEPLOYMENT_TARGET = 18.5;
				MARKETING_VERSION = 1.0;
				PRODUCT_BUNDLE_IDENTIFIER = dblife.mEtopiaTests;
				PRODUCT_NAME = "$(TARGET_NAME)";
				SWIFT_EMIT_LOC_STRINGS = NO;
				SWIFT_VERSION = 5.0;
				TARGETED_DEVICE_FAMILY = "1,2";
				TEST_HOST = "$(BUILT_PRODUCTS_DIR)/mEtopia.app/$(BUNDLE_EXECUTABLE_FOLDER_PATH)/mEtopia";
			};
			name = Release;
		};
		1A169BD02E160226008BBB83 /* Debug */ = {
			isa = XCBuildConfiguration;
			buildSettings = {
				CODE_SIGN_STYLE = Automatic;
				CURRENT_PROJECT_VERSION = 1;
				GENERATE_INFOPLIST_FILE = YES;
				MARKETING_VERSION = 1.0;
				PRODUCT_BUNDLE_IDENTIFIER = dblife.mEtopiaUITests;
				PRODUCT_NAME = "$(TARGET_NAME)";
				SWIFT_EMIT_LOC_STRINGS = NO;
				SWIFT_VERSION = 5.0;
				TARGETED_DEVICE_FAMILY = "1,2";
				TEST_TARGET_NAME = mEtopia;
			};
			name = Debug;
		};
		1A169BD12E160226008BBB83 /* Release */ = {
			isa = XCBuildConfiguration;
			buildSettings = {
				CODE_SIGN_STYLE = Automatic;
				CURRENT_PROJECT_VERSION = 1;
				GENERATE_INFOPLIST_FILE = YES;
				MARKETING_VERSION = 1.0;
				PRODUCT_BUNDLE_IDENTIFIER = dblife.mEtopiaUITests;
				PRODUCT_NAME = "$(TARGET_NAME)";
				SWIFT_EMIT_LOC_STRINGS = NO;
				SWIFT_VERSION = 5.0;
				TARGETED_DEVICE_FAMILY = "1,2";
				TEST_TARGET_NAME = mEtopia;
			};
			name = Release;
		};
/* End XCBuildConfiguration section */

/* Begin XCConfigurationList section */
		1A169B992E160224008BBB83 /* Build configuration list for PBXProject "mEtopia" */ = {
			isa = XCConfigurationList;
			buildConfigurations = (
				1A169BCA2E160226008BBB83 /* Debug */,
				1A169BCB2E160226008BBB83 /* Release */,
			);
			defaultConfigurationIsVisible = 0;
			defaultConfigurationName = Release;
		};
		1A169BC72E160226008BBB83 /* Build configuration list for PBXNativeTarget "mEtopia" */ = {
			isa = XCConfigurationList;
			buildConfigurations = (
				1A169BC82E160226008BBB83 /* Debug */,
				1A169BC92E160226008BBB83 /* Release */,
			);
			defaultConfigurationIsVisible = 0;
			defaultConfigurationName = Release;
		};
		1A169BCC2E160226008BBB83 /* Build configuration list for PBXNativeTarget "mEtopiaTests" */ = {
			isa = XCConfigurationList;
			buildConfigurations = (
				1A169BCD2E160226008BBB83 /* Debug */,
				1A169BCE2E160226008BBB83 /* Release */,
			);
			defaultConfigurationIsVisible = 0;
			defaultConfigurationName = Release;
		};
		1A169BCF2E160226008BBB83 /* Build configuration list for PBXNativeTarget "mEtopiaUITests" */ = {
			isa = XCConfigurationList;
			buildConfigurations = (
				1A169BD02E160226008BBB83 /* Debug */,
				1A169BD12E160226008BBB83 /* Release */,
			);
			defaultConfigurationIsVisible = 0;
			defaultConfigurationName = Release;
		};
/* End XCConfigurationList section */
	};
	rootObject = 1A169B962E160224008BBB83 /* Project object */;
}
